
Microsoft Visual Studio Solution File, Format Version 12.00
# Visual Studio Version 17
VisualStudioVersion = 17.10.35027.167
MinimumVisualStudioVersion = 10.0.40219.1
Project("{FAE04EC0-301F-11D3-BF4B-00C04F79EFBC}") = "Todos.WebApi2", "Todos.WebApi2\Todos.WebApi2.csproj", "{3E23A59E-C5F6-4BB0-824F-74CC9CCD503B}"
EndProject
Global
	GlobalSection(SolutionConfigurationPlatforms) = preSolution
		Debug|Any CPU = Debug|Any CPU
		Release|Any CPU = Release|Any CPU
	EndGlobalSection
	GlobalSection(ProjectConfigurationPlatforms) = postSolution
		{3E23A59E-C5F6-4BB0-824F-74CC9CCD503B}.Debug|Any CPU.ActiveCfg = Debug|Any CPU
		{3E23A59E-C5F6-4BB0-824F-74CC9CCD503B}.Debug|Any CPU.Build.0 = Debug|Any CPU
		{3E23A59E-C5F6-4BB0-824F-74CC9CCD503B}.Release|Any CPU.ActiveCfg = Release|Any CPU
		{3E23A59E-C5F6-4BB0-824F-74CC9CCD503B}.Release|Any CPU.Build.0 = Release|Any CPU
	EndGlobalSection
	GlobalSection(SolutionProperties) = preSolution
		HideSolutionNode = FALSE
	EndGlobalSection
	GlobalSection(ExtensibilityGlobals) = postSolution
		SolutionGuid = {1FC5F4E2-A142-4A7E-B79E-268CD91EDF0C}
	EndGlobalSection
EndGlobal
